// !$*UTF8*$!
{
	archiveVersion = 1;
	classes = {
	};
	objectVersion = 50;
	objects = {

/* Begin PBXBuildFile section */
		388977C6264A3B6D008DB931 /* AppDelegate.swift in Sources */ = {isa = PBXBuildFile; fileRef = 388977C5264A3B6D008DB931 /* AppDelegate.swift */; };
		388977C8264A3B6D008DB931 /* SceneDelegate.swift in Sources */ = {isa = PBXBuildFile; fileRef = 388977C7264A3B6D008DB931 /* SceneDelegate.swift */; };
		388977CA264A3B6D008DB931 /* ViewController.swift in Sources */ = {isa = PBXBuildFile; fileRef = 388977C9264A3B6D008DB931 /* ViewController.swift */; };
		388977CD264A3B6D008DB931 /* Main.storyboard in Resources */ = {isa = PBXBuildFile; fileRef = 388977CB264A3B6D008DB931 /* Main.storyboard */; };
		388977CF264A3B6F008DB931 /* Assets.xcassets in Resources */ = {isa = PBXBuildFile; fileRef = 388977CE264A3B6F008DB931 /* Assets.xcassets */; };
		388977D2264A3B6F008DB931 /* LaunchScreen.storyboard in Resources */ = {isa = PBXBuildFile; fileRef = 388977D0264A3B6F008DB931 /* LaunchScreen.storyboard */; };
		388977DB264A3D60008DB931 /* NYCSchoolService.swift in Sources */ = {isa = PBXBuildFile; fileRef = 388977DA264A3D60008DB931 /* NYCSchoolService.swift */; };
		388977DE264A3FEB008DB931 /* NYCUtilities.swift in Sources */ = {isa = PBXBuildFile; fileRef = 388977DD264A3FEB008DB931 /* NYCUtilities.swift */; };
		388977E1264A44A4008DB931 /* SchoolInfoTableViewCell.swift in Sources */ = {isa = PBXBuildFile; fileRef = 388977E0264A44A4008DB931 /* SchoolInfoTableViewCell.swift */; };
		388977E5264ABE4C008DB931 /* NYCShoolsModel.swift in Sources */ = {isa = PBXBuildFile; fileRef = 388977E4264ABE4C008DB931 /* NYCShoolsModel.swift */; };
		388977EC264AE5B9008DB931 /* DetailsViewController.swift in Sources */ = {isa = PBXBuildFile; fileRef = 388977EB264AE5B9008DB931 /* DetailsViewController.swift */; };
/* End PBXBuildFile section */

/* Begin PBXFileReference section */
		388977C2264A3B6D008DB931 /* NYCSchools.app */ = {isa = PBXFileReference; explicitFileType = wrapper.application; includeInIndex = 0; path = NYCSchools.app; sourceTree = BUILT_PRODUCTS_DIR; };
		388977C5264A3B6D008DB931 /* AppDelegate.swift */ = {isa = PBXFileReference; lastKnownFileType = sourcecode.swift; path = AppDelegate.swift; sourceTree = "<group>"; };
		388977C7264A3B6D008DB931 /* SceneDelegate.swift */ = {isa = PBXFileReference; lastKnownFileType = sourcecode.swift; path = SceneDelegate.swift; sourceTree = "<group>"; };
		388977C9264A3B6D008DB931 /* ViewController.swift */ = {isa = PBXFileReference; lastKnownFileType = sourcecode.swift; path = ViewController.swift; sourceTree = "<group>"; };
		388977CC264A3B6D008DB931 /* Base */ = {isa = PBXFileReference; lastKnownFileType = file.storyboard; name = Base; path = Base.lproj/Main.storyboard; sourceTree = "<group>"; };
		388977CE264A3B6F008DB931 /* Assets.xcassets */ = {isa = PBXFileReference; lastKnownFileType = folder.assetcatalog; path = Assets.xcassets; sourceTree = "<group>"; };
		388977D1264A3B6F008DB931 /* Base */ = {isa = PBXFileReference; lastKnownFileType = file.storyboard; name = Base; path = Base.lproj/LaunchScreen.storyboard; sourceTree = "<group>"; };
		388977D3264A3B6F008DB931 /* Info.plist */ = {isa = PBXFileReference; lastKnownFileType = text.plist.xml; path = Info.plist; sourceTree = "<group>"; };
		388977DA264A3D60008DB931 /* NYCSchoolService.swift */ = {isa = PBXFileReference; lastKnownFileType = sourcecode.swift; path = NYCSchoolService.swift; sourceTree = "<group>"; };
		388977DD264A3FEB008DB931 /* NYCUtilities.swift */ = {isa = PBXFileReference; lastKnownFileType = sourcecode.swift; path = NYCUtilities.swift; sourceTree = "<group>"; };
		388977E0264A44A4008DB931 /* SchoolInfoTableViewCell.swift */ = {isa = PBXFileReference; lastKnownFileType = sourcecode.swift; path = SchoolInfoTableViewCell.swift; sourceTree = "<group>"; };
		388977E4264ABE4C008DB931 /* NYCShoolsModel.swift */ = {isa = PBXFileReference; lastKnownFileType = sourcecode.swift; path = NYCShoolsModel.swift; sourceTree = "<group>"; };
		388977EB264AE5B9008DB931 /* DetailsViewController.swift */ = {isa = PBXFileReference; lastKnownFileType = sourcecode.swift; path = DetailsViewController.swift; sourceTree = "<group>"; };
/* End PBXFileReference section */

/* Begin PBXFrameworksBuildPhase section */
		388977BF264A3B6D008DB931 /* Frameworks */ = {
			isa = PBXFrameworksBuildPhase;
			buildActionMask = 2147483647;
			files = (
			);
			runOnlyForDeploymentPostprocessing = 0;
		};
/* End PBXFrameworksBuildPhase section */

/* Begin PBXGroup section */
		388977B9264A3B6D008DB931 = {
			isa = PBXGroup;
			children = (
				388977C4264A3B6D008DB931 /* NYCSchools */,
				388977C3264A3B6D008DB931 /* Products */,
			);
			sourceTree = "<group>";
		};
		388977C3264A3B6D008DB931 /* Products */ = {
			isa = PBXGroup;
			children = (
				388977C2264A3B6D008DB931 /* NYCSchools.app */,
			);
			name = Products;
			sourceTree = "<group>";
		};
		388977C4264A3B6D008DB931 /* NYCSchools */ = {
			isa = PBXGroup;
			children = (
				388977EA264AE599008DB931 /* Helpers */,
				388977E9264AE587008DB931 /* ViewControllers */,
				388977E3264ABE32008DB931 /* MOdels */,
				388977C5264A3B6D008DB931 /* AppDelegate.swift */,
				388977C7264A3B6D008DB931 /* SceneDelegate.swift */,
				388977CB264A3B6D008DB931 /* Main.storyboard */,
				388977CE264A3B6F008DB931 /* Assets.xcassets */,
				388977D0264A3B6F008DB931 /* LaunchScreen.storyboard */,
				388977D3264A3B6F008DB931 /* Info.plist */,
			);
			path = NYCSchools;
			sourceTree = "<group>";
		};
		388977E3264ABE32008DB931 /* MOdels */ = {
			isa = PBXGroup;
			children = (
				388977E4264ABE4C008DB931 /* NYCShoolsModel.swift */,
			);
			path = MOdels;
			sourceTree = "<group>";
		};
		388977E9264AE587008DB931 /* ViewControllers */ = {
			isa = PBXGroup;
			children = (
				388977E0264A44A4008DB931 /* SchoolInfoTableViewCell.swift */,
				388977C9264A3B6D008DB931 /* ViewController.swift */,
				388977EB264AE5B9008DB931 /* DetailsViewController.swift */,
			);
			path = ViewControllers;
			sourceTree = "<group>";
		};
		388977EA264AE599008DB931 /* Helpers */ = {
			isa = PBXGroup;
			children = (
				388977DA264A3D60008DB931 /* NYCSchoolService.swift */,
				388977DD264A3FEB008DB931 /* NYCUtilities.swift */,
			);
			path = Helpers;
			sourceTree = "<group>";
		};
/* End PBXGroup section */

/* Begin PBXNativeTarget section */
		388977C1264A3B6D008DB931 /* NYCSchools */ = {
			isa = PBXNativeTarget;
			buildConfigurationList = 388977D6264A3B6F008DB931 /* Build configuration list for PBXNativeTarget "NYCSchools" */;
			buildPhases = (
				388977BE264A3B6D008DB931 /* Sources */,
				388977BF264A3B6D008DB931 /* Frameworks */,
				388977C0264A3B6D008DB931 /* Resources */,
			);
			buildRules = (
			);
			dependencies = (
			);
			name = NYCSchools;
			productName = NYCSchools;
			productReference = 388977C2264A3B6D008DB931 /* NYCSchools.app */;
			productType = "com.apple.product-type.application";
		};
/* End PBXNativeTarget section */

/* Begin PBXProject section */
		388977BA264A3B6D008DB931 /* Project object */ = {
			isa = PBXProject;
			attributes = {
				LastSwiftUpdateCheck = 1240;
				LastUpgradeCheck = 1240;
				TargetAttributes = {
					388977C1264A3B6D008DB931 = {
						CreatedOnToolsVersion = 12.4;
					};
				};
			};
			buildConfigurationList = 388977BD264A3B6D008DB931 /* Build configuration list for PBXProject "NYCSchools" */;
			compatibilityVersion = "Xcode 9.3";
			developmentRegion = en;
			hasScannedForEncodings = 0;
			knownRegions = (
				en,
				Base,
			);
			mainGroup = 388977B9264A3B6D008DB931;
			productRefGroup = 388977C3264A3B6D008DB931 /* Products */;
			projectDirPath = "";
			projectRoot = "";
			targets = (
				388977C1264A3B6D008DB931 /* NYCSchools */,
			);
		};
/* End PBXProject section */

/* Begin PBXResourcesBuildPhase section */
		388977C0264A3B6D008DB931 /* Resources */ = {
			isa = PBXResourcesBuildPhase;
			buildActionMask = 2147483647;
			files = (
				388977D2264A3B6F008DB931 /* LaunchScreen.storyboard in Resources */,
				388977CF264A3B6F008DB931 /* Assets.xcassets in Resources */,
				388977CD264A3B6D008DB931 /* Main.storyboard in Resources */,
			);
			runOnlyForDeploymentPostprocessing = 0;
		};
/* End PBXResourcesBuildPhase section */

/* Begin PBXSourcesBuildPhase section */
		388977BE264A3B6D008DB931 /* Sources */ = {
			isa = PBXSourcesBuildPhase;
			buildActionMask = 2147483647;
			files = (
				388977DB264A3D60008DB931 /* NYCSchoolService.swift in Sources */,
				388977DE264A3FEB008DB931 /* NYCUtilities.swift in Sources */,
				388977E5264ABE4C008DB931 /* NYCShoolsModel.swift in Sources */,
				388977EC264AE5B9008DB931 /* DetailsViewController.swift in Sources */,
				388977CA264A3B6D008DB931 /* ViewController.swift in Sources */,
				388977C6264A3B6D008DB931 /* AppDelegate.swift in Sources */,
				388977C8264A3B6D008DB931 /* SceneDelegate.swift in Sources */,
				388977E1264A44A4008DB931 /* SchoolInfoTableViewCell.swift in Sources */,
			);
			runOnlyForDeploymentPostprocessing = 0;
		};
/* End PBXSourcesBuildPhase section */

/* Begin PBXVariantGroup section */
		388977CB264A3B6D008DB931 /* Main.storyboard */ = {
			isa = PBXVariantGroup;
			children = (
				388977CC264A3B6D008DB931 /* Base */,
			);
			name = Main.storyboard;
			sourceTree = "<group>";
		};
		388977D0264A3B6F008DB931 /* LaunchScreen.storyboard */ = {
			isa = PBXVariantGroup;
			children = (
				388977D1264A3B6F008DB931 /* Base */,
			);
			name = LaunchScreen.storyboard;
			sourceTree = "<group>";
		};
/* End PBXVariantGroup section */

/* Begin XCBuildConfiguration section */
		388977D4264A3B6F008DB931 /* Debug */ = {
			isa = XCBuildConfiguration;
			buildSettings = {
				ALWAYS_SEARCH_USER_PATHS = NO;
				CLANG_ANALYZER_NONNULL = YES;
				CLANG_ANALYZER_NUMBER_OBJECT_CONVERSION = YES_AGGRESSIVE;
				CLANG_CXX_LANGUAGE_STANDARD = "gnu++14";
				CLANG_CXX_LIBRARY = "libc++";
				CLANG_ENABLE_MODULES = YES;
				CLANG_ENABLE_OBJC_ARC = YES;
				CLANG_ENABLE_OBJC_WEAK = YES;
				CLANG_WARN_BLOCK_CAPTURE_AUTORELEASING = YES;
				CLANG_WARN_BOOL_CONVERSION = YES;
				CLANG_WARN_COMMA = YES;
				CLANG_WARN_CONSTANT_CONVERSION = YES;
				CLANG_WARN_DEPRECATED_OBJC_IMPLEMENTATIONS = YES;
				CLANG_WARN_DIRECT_OBJC_ISA_USAGE = YES_ERROR;
				CLANG_WARN_DOCUMENTATION_COMMENTS = YES;
				CLANG_WARN_EMPTY_BODY = YES;
				CLANG_WARN_ENUM_CONVERSION = YES;
				CLANG_WARN_INFINITE_RECURSION = YES;
				CLANG_WARN_INT_CONVERSION = YES;
				CLANG_WARN_NON_LITERAL_NULL_CONVERSION = YES;
				CLANG_WARN_OBJC_IMPLICIT_RETAIN_SELF = YES;
				CLANG_WARN_OBJC_LITERAL_CONVERSION = YES;
				CLANG_WARN_OBJC_ROOT_CLASS = YES_ERROR;
				CLANG_WARN_QUOTED_INCLUDE_IN_FRAMEWORK_HEADER = YES;
				CLANG_WARN_RANGE_LOOP_ANALYSIS = YES;
				CLANG_WARN_STRICT_PROTOTYPES = YES;
				CLANG_WARN_SUSPICIOUS_MOVE = YES;
				CLANG_WARN_UNGUARDED_AVAILABILITY = YES_AGGRESSIVE;
				CLANG_WARN_UNREACHABLE_CODE = YES;
				CLANG_WARN__DUPLICATE_METHOD_MATCH = YES;
				COPY_PHASE_STRIP = NO;
				DEBUG_INFORMATION_FORMAT = dwarf;
				ENABLE_STRICT_OBJC_MSGSEND = YES;
				ENABLE_TESTABILITY = YES;
				GCC_C_LANGUAGE_STANDARD = gnu11;
				GCC_DYNAMIC_NO_PIC = NO;
				GCC_NO_COMMON_BLOCKS = YES;
				GCC_OPTIMIZATION_LEVEL = 0;
				GCC_PREPROCESSOR_DEFINITIONS = (
					"DEBUG=1",
					"$(inherited)",
				);
				GCC_WARN_64_TO_32_BIT_CONVERSION = YES;
				GCC_WARN_ABOUT_RETURN_TYPE = YES_ERROR;
				GCC_WARN_UNDECLARED_SELECTOR = YES;
				GCC_WARN_UNINITIALIZED_AUTOS = YES_AGGRESSIVE;
				GCC_WARN_UNUSED_FUNCTION = YES;
				GCC_WARN_UNUSED_VARIABLE = YES;
				IPHONEOS_DEPLOYMENT_TARGET = 14.4;
				MTL_ENABLE_DEBUG_INFO = INCLUDE_SOURCE;
				MTL_FAST_MATH = YES;
				ONLY_ACTIVE_ARCH = YES;
				SDKROOT = iphoneos;
				SWIFT_ACTIVE_COMPILATION_CONDITIONS = DEBUG;
				SWIFT_OPTIMIZATION_LEVEL = "-Onone";
			};
			name = Debug;
		};
		388977D5264A3B6F008DB931 /* Release */ = {
			isa = XCBuildConfiguration;
			buildSettings = {
				ALWAYS_SEARCH_USER_PATHS = NO;
				CLANG_ANALYZER_NONNULL = YES;
				CLANG_ANALYZER_NUMBER_OBJECT_CONVERSION = YES_AGGRESSIVE;
				CLANG_CXX_LANGUAGE_STANDARD = "gnu++14";
				CLANG_CXX_LIBRARY = "libc++";
				CLANG_ENABLE_MODULES = YES;
				CLANG_ENABLE_OBJC_ARC = YES;
				CLANG_ENABLE_OBJC_WEAK = YES;
				CLANG_WARN_BLOCK_CAPTURE_AUTORELEASING = YES;
				CLANG_WARN_BOOL_CONVERSION = YES;
				CLANG_WARN_COMMA = YES;
				CLANG_WARN_CONSTANT_CONVERSION = YES;
				CLANG_WARN_DEPRECATED_OBJC_IMPLEMENTATIONS = YES;
				CLANG_WARN_DIRECT_OBJC_ISA_USAGE = YES_ERROR;
				CLANG_WARN_DOCUMENTATION_COMMENTS = YES;
				CLANG_WARN_EMPTY_BODY = YES;
				CLANG_WARN_ENUM_CONVERSION = YES;
				CLANG_WARN_INFINITE_RECURSION = YES;
				CLANG_WARN_INT_CONVERSION = YES;
				CLANG_WARN_NON_LITERAL_NULL_CONVERSION = YES;
				CLANG_WARN_OBJC_IMPLICIT_RETAIN_SELF = YES;
				CLANG_WARN_OBJC_LITERAL_CONVERSION = YES;
				CLANG_WARN_OBJC_ROOT_CLASS = YES_ERROR;
				CLANG_WARN_QUOTED_INCLUDE_IN_FRAMEWORK_HEADER = YES;
				CLANG_WARN_RANGE_LOOP_ANALYSIS = YES;
				CLANG_WARN_STRICT_PROTOTYPES = YES;
				CLANG_WARN_SUSPICIOUS_MOVE = YES;
				CLANG_WARN_UNGUARDED_AVAILABILITY = YES_AGGRESSIVE;
				CLANG_WARN_UNREACHABLE_CODE = YES;
				CLANG_WARN__DUPLICATE_METHOD_MATCH = YES;
				COPY_PHASE_STRIP = NO;
				DEBUG_INFORMATION_FORMAT = "dwarf-with-dsym";
				ENABLE_NS_ASSERTIONS = NO;
				ENABLE_STRICT_OBJC_MSGSEND = YES;
				GCC_C_LANGUAGE_STANDARD = gnu11;
				GCC_NO_COMMON_BLOCKS = YES;
				GCC_WARN_64_TO_32_BIT_CONVERSION = YES;
				GCC_WARN_ABOUT_RETURN_TYPE = YES_ERROR;
				GCC_WARN_UNDECLARED_SELECTOR = YES;
				GCC_WARN_UNINITIALIZED_AUTOS = YES_AGGRESSIVE;
				GCC_WARN_UNUSED_FUNCTION = YES;
				GCC_WARN_UNUSED_VARIABLE = YES;
				IPHONEOS_DEPLOYMENT_TARGET = 14.4;
				MTL_ENABLE_DEBUG_INFO = NO;
				MTL_FAST_MATH = YES;
				SDKROOT = iphoneos;
				SWIFT_COMPILATION_MODE = wholemodule;
				SWIFT_OPTIMIZATION_LEVEL = "-O";
				VALIDATE_PRODUCT = YES;
			};
			name = Release;
		};
		388977D7264A3B6F008DB931 /* Debug */ = {
			isa = XCBuildConfiguration;
			buildSettings = {
				ASSETCATALOG_COMPILER_APPICON_NAME = AppIcon;
				ASSETCATALOG_COMPILER_GLOBAL_ACCENT_COLOR_NAME = AccentColor;
				CODE_SIGN_STYLE = Automatic;
				DEVELOPMENT_TEAM = H7A83H7RFS;
				INFOPLIST_FILE = NYCSchools/Info.plist;
				LD_RUNPATH_SEARCH_PATHS = (
					"$(inherited)",
					"@executable_path/Frameworks",
				);
				PRODUCT_BUNDLE_IDENTIFIER = com.Karthik.NYCSchools;
				PRODUCT_NAME = "$(TARGET_NAME)";
				SWIFT_VERSION = 5.0;
				TARGETED_DEVICE_FAMILY = "1,2";
			};
			name = Debug;
		};
		388977D8264A3B6F008DB931 /* Release */ = {
			isa = XCBuildConfiguration;
			buildSettings = {
				ASSETCATALOG_COMPILER_APPICON_NAME = AppIcon;
				ASSETCATALOG_COMPILER_GLOBAL_ACCENT_COLOR_NAME = AccentColor;
				CODE_SIGN_STYLE = Automatic;
				DEVELOPMENT_TEAM = H7A83H7RFS;
				INFOPLIST_FILE = NYCSchools/Info.plist;
				LD_RUNPATH_SEARCH_PATHS = (
					"$(inherited)",
					"@executable_path/Frameworks",
				);
				PRODUCT_BUNDLE_IDENTIFIER = com.Karthik.NYCSchools;
				PRODUCT_NAME = "$(TARGET_NAME)";
				SWIFT_VERSION = 5.0;
				TARGETED_DEVICE_FAMILY = "1,2";
			};
			name = Release;
		};
/* End XCBuildConfiguration section */

/* Begin XCConfigurationList section */
		388977BD264A3B6D008DB931 /* Build configuration list for PBXProject "NYCSchools" */ = {
			isa = XCConfigurationList;
			buildConfigurations = (
				388977D4264A3B6F008DB931 /* Debug */,
				388977D5264A3B6F008DB931 /* Release */,
			);
			defaultConfigurationIsVisible = 0;
			defaultConfigurationName = Release;
		};
		388977D6264A3B6F008DB931 /* Build configuration list for PBXNativeTarget "NYCSchools" */ = {
			isa = XCConfigurationList;
			buildConfigurations = (
				388977D7264A3B6F008DB931 /* Debug */,
				388977D8264A3B6F008DB931 /* Release */,
			);
			defaultConfigurationIsVisible = 0;
			defaultConfigurationName = Release;
		};
/* End XCConfigurationList section */
	};
	rootObject = 388977BA264A3B6D008DB931 /* Project object */;
}
